// !$*UTF8*$!
{
	archiveVersion = 1;
	classes = {
	};
	objectVersion = 50;
	objects = {

/* Begin PBXBuildFile section */
		2201F99324696264002A2B30 /* SearchCharactersView.swift in Sources */ = {isa = PBXBuildFile; fileRef = 2201F98924696264002A2B30 /* SearchCharactersView.swift */; };
		2201F99924696264002A2B30 /* SearchCharactersViewModel.swift in Sources */ = {isa = PBXBuildFile; fileRef = 2201F98F24696264002A2B30 /* SearchCharactersViewModel.swift */; };
		2201F99A24696264002A2B30 /* CharacterResultRow.swift in Sources */ = {isa = PBXBuildFile; fileRef = 2201F99024696264002A2B30 /* CharacterResultRow.swift */; };
		2201F99C24696264002A2B30 /* CharacterResultViewModel.swift in Sources */ = {isa = PBXBuildFile; fileRef = 2201F99224696264002A2B30 /* CharacterResultViewModel.swift */; };
		2265E5FD24686CDF005AD752 /* CharacterDO.swift in Sources */ = {isa = PBXBuildFile; fileRef = 2265E5F324686CDF005AD752 /* CharacterDO.swift */; };
		2265E5FE24686CDF005AD752 /* CharactersResponseDO.swift in Sources */ = {isa = PBXBuildFile; fileRef = 2265E5F424686CDF005AD752 /* CharactersResponseDO.swift */; };
		2265E5FF24686CDF005AD752 /* CharacterReporitoryProtocol.swift in Sources */ = {isa = PBXBuildFile; fileRef = 2265E5F624686CDF005AD752 /* CharacterReporitoryProtocol.swift */; };
		2265E60024686CDF005AD752 /* CharacterReporitoryImplment.swift in Sources */ = {isa = PBXBuildFile; fileRef = 2265E5F724686CDF005AD752 /* CharacterReporitoryImplment.swift */; };
		2265E60124686CDF005AD752 /* ManagerMarvelRepository.swift in Sources */ = {isa = PBXBuildFile; fileRef = 2265E5F924686CDF005AD752 /* ManagerMarvelRepository.swift */; };
		2265E60224686CDF005AD752 /* CharacterInteractorImplement.swift in Sources */ = {isa = PBXBuildFile; fileRef = 2265E5FB24686CDF005AD752 /* CharacterInteractorImplement.swift */; };
		2265E60324686CDF005AD752 /* CharacterInteractorProtocol.swift in Sources */ = {isa = PBXBuildFile; fileRef = 2265E5FC24686CDF005AD752 /* CharacterInteractorProtocol.swift */; };
		22B8AC9C246AD31C002DFEA3 /* CharacterDetailView.swift in Sources */ = {isa = PBXBuildFile; fileRef = 22B8AC9B246AD31C002DFEA3 /* CharacterDetailView.swift */; };
		22B8AC9E246AEA5B002DFEA3 /* ArenaView.swift in Sources */ = {isa = PBXBuildFile; fileRef = 22B8AC9D246AEA5B002DFEA3 /* ArenaView.swift */; };
		22B8ACA0246C05EE002DFEA3 /* ArenaViewModel.swift in Sources */ = {isa = PBXBuildFile; fileRef = 22B8AC9F246C05EE002DFEA3 /* ArenaViewModel.swift */; };
		22B8ACA2246D5209002DFEA3 /* PlayerRepositoryImplement.swift in Sources */ = {isa = PBXBuildFile; fileRef = 22B8ACA1246D5209002DFEA3 /* PlayerRepositoryImplement.swift */; };
		22B8ACA9246D585D002DFEA3 /* PlayerRepositoryProtocol.swift in Sources */ = {isa = PBXBuildFile; fileRef = 22B8ACA8246D585D002DFEA3 /* PlayerRepositoryProtocol.swift */; };
		22B8ACAB246D59A4002DFEA3 /* PlayerInteractorProtocol.swift in Sources */ = {isa = PBXBuildFile; fileRef = 22B8ACAA246D59A4002DFEA3 /* PlayerInteractorProtocol.swift */; };
		22B8ACAE246D6BEE002DFEA3 /* PlayerInteractorImplement.swift in Sources */ = {isa = PBXBuildFile; fileRef = 22B8ACAD246D6BEE002DFEA3 /* PlayerInteractorImplement.swift */; };
		22B8ACB0246D718D002DFEA3 /* GeneralRouting.swift in Sources */ = {isa = PBXBuildFile; fileRef = 22B8ACAF246D718D002DFEA3 /* GeneralRouting.swift */; };
		22B8ACB2246D73F8002DFEA3 /* RankingView.swift in Sources */ = {isa = PBXBuildFile; fileRef = 22B8ACB1246D73F8002DFEA3 /* RankingView.swift */; };
		22B8ACB4246D75EB002DFEA3 /* RankingViewModel.swift in Sources */ = {isa = PBXBuildFile; fileRef = 22B8ACB3246D75EB002DFEA3 /* RankingViewModel.swift */; };
		22CA2F892468BCB300C47E19 /* MarvelBattleAppTests.swift in Sources */ = {isa = PBXBuildFile; fileRef = 22CA2F882468BCB300C47E19 /* MarvelBattleAppTests.swift */; };
		22DC06222469B48F009104B2 /* FeatureProvaider.swift in Sources */ = {isa = PBXBuildFile; fileRef = 22DC06202469B48F009104B2 /* FeatureProvaider.swift */; };
		22DC06232469B48F009104B2 /* InteractorProvaider.swift in Sources */ = {isa = PBXBuildFile; fileRef = 22DC06212469B48F009104B2 /* InteractorProvaider.swift */; };
		22ED22292468629700210A5D /* AppDelegate.swift in Sources */ = {isa = PBXBuildFile; fileRef = 22ED22282468629700210A5D /* AppDelegate.swift */; };
		22ED222B2468629700210A5D /* SceneDelegate.swift in Sources */ = {isa = PBXBuildFile; fileRef = 22ED222A2468629700210A5D /* SceneDelegate.swift */; };
		22ED222F2468629B00210A5D /* Assets.xcassets in Resources */ = {isa = PBXBuildFile; fileRef = 22ED222E2468629B00210A5D /* Assets.xcassets */; };
		22ED22322468629B00210A5D /* Preview Assets.xcassets in Resources */ = {isa = PBXBuildFile; fileRef = 22ED22312468629B00210A5D /* Preview Assets.xcassets */; };
		22ED22352468629B00210A5D /* LaunchScreen.storyboard in Resources */ = {isa = PBXBuildFile; fileRef = 22ED22332468629B00210A5D /* LaunchScreen.storyboard */; };
/* End PBXBuildFile section */

/* Begin PBXContainerItemProxy section */
		22CA2F8B2468BCB300C47E19 /* PBXContainerItemProxy */ = {
			isa = PBXContainerItemProxy;
			containerPortal = 22ED221D2468629700210A5D /* Project object */;
			proxyType = 1;
			remoteGlobalIDString = 22ED22242468629700210A5D;
			remoteInfo = MarvelBattleApp;
		};
/* End PBXContainerItemProxy section */

/* Begin PBXFileReference section */
		2201F98924696264002A2B30 /* SearchCharactersView.swift */ = {isa = PBXFileReference; fileEncoding = 4; lastKnownFileType = sourcecode.swift; path = SearchCharactersView.swift; sourceTree = "<group>"; };
		2201F98F24696264002A2B30 /* SearchCharactersViewModel.swift */ = {isa = PBXFileReference; fileEncoding = 4; lastKnownFileType = sourcecode.swift; path = SearchCharactersViewModel.swift; sourceTree = "<group>"; };
		2201F99024696264002A2B30 /* CharacterResultRow.swift */ = {isa = PBXFileReference; fileEncoding = 4; lastKnownFileType = sourcecode.swift; path = CharacterResultRow.swift; sourceTree = "<group>"; };
		2201F99224696264002A2B30 /* CharacterResultViewModel.swift */ = {isa = PBXFileReference; fileEncoding = 4; lastKnownFileType = sourcecode.swift; path = CharacterResultViewModel.swift; sourceTree = "<group>"; };
		2265E5F324686CDF005AD752 /* CharacterDO.swift */ = {isa = PBXFileReference; fileEncoding = 4; lastKnownFileType = sourcecode.swift; path = CharacterDO.swift; sourceTree = "<group>"; };
		2265E5F424686CDF005AD752 /* CharactersResponseDO.swift */ = {isa = PBXFileReference; fileEncoding = 4; lastKnownFileType = sourcecode.swift; path = CharactersResponseDO.swift; sourceTree = "<group>"; };
		2265E5F624686CDF005AD752 /* CharacterReporitoryProtocol.swift */ = {isa = PBXFileReference; fileEncoding = 4; lastKnownFileType = sourcecode.swift; path = CharacterReporitoryProtocol.swift; sourceTree = "<group>"; };
		2265E5F724686CDF005AD752 /* CharacterReporitoryImplment.swift */ = {isa = PBXFileReference; fileEncoding = 4; lastKnownFileType = sourcecode.swift; path = CharacterReporitoryImplment.swift; sourceTree = "<group>"; };
		2265E5F924686CDF005AD752 /* ManagerMarvelRepository.swift */ = {isa = PBXFileReference; fileEncoding = 4; lastKnownFileType = sourcecode.swift; path = ManagerMarvelRepository.swift; sourceTree = "<group>"; };
		2265E5FB24686CDF005AD752 /* CharacterInteractorImplement.swift */ = {isa = PBXFileReference; fileEncoding = 4; lastKnownFileType = sourcecode.swift; path = CharacterInteractorImplement.swift; sourceTree = "<group>"; };
		2265E5FC24686CDF005AD752 /* CharacterInteractorProtocol.swift */ = {isa = PBXFileReference; fileEncoding = 4; lastKnownFileType = sourcecode.swift; path = CharacterInteractorProtocol.swift; sourceTree = "<group>"; };
		22B8AC9B246AD31C002DFEA3 /* CharacterDetailView.swift */ = {isa = PBXFileReference; lastKnownFileType = sourcecode.swift; path = CharacterDetailView.swift; sourceTree = "<group>"; };
		22B8AC9D246AEA5B002DFEA3 /* ArenaView.swift */ = {isa = PBXFileReference; lastKnownFileType = sourcecode.swift; path = ArenaView.swift; sourceTree = "<group>"; };
		22B8AC9F246C05EE002DFEA3 /* ArenaViewModel.swift */ = {isa = PBXFileReference; lastKnownFileType = sourcecode.swift; path = ArenaViewModel.swift; sourceTree = "<group>"; };
		22B8ACA1246D5209002DFEA3 /* PlayerRepositoryImplement.swift */ = {isa = PBXFileReference; lastKnownFileType = sourcecode.swift; path = PlayerRepositoryImplement.swift; sourceTree = "<group>"; };
		22B8ACA8246D585D002DFEA3 /* PlayerRepositoryProtocol.swift */ = {isa = PBXFileReference; lastKnownFileType = sourcecode.swift; path = PlayerRepositoryProtocol.swift; sourceTree = "<group>"; };
		22B8ACAA246D59A4002DFEA3 /* PlayerInteractorProtocol.swift */ = {isa = PBXFileReference; lastKnownFileType = sourcecode.swift; path = PlayerInteractorProtocol.swift; sourceTree = "<group>"; };
		22B8ACAD246D6BEE002DFEA3 /* PlayerInteractorImplement.swift */ = {isa = PBXFileReference; lastKnownFileType = sourcecode.swift; path = PlayerInteractorImplement.swift; sourceTree = "<group>"; };
		22B8ACAF246D718D002DFEA3 /* GeneralRouting.swift */ = {isa = PBXFileReference; lastKnownFileType = sourcecode.swift; path = GeneralRouting.swift; sourceTree = "<group>"; };
		22B8ACB1246D73F8002DFEA3 /* RankingView.swift */ = {isa = PBXFileReference; lastKnownFileType = sourcecode.swift; path = RankingView.swift; sourceTree = "<group>"; };
		22B8ACB3246D75EB002DFEA3 /* RankingViewModel.swift */ = {isa = PBXFileReference; lastKnownFileType = sourcecode.swift; path = RankingViewModel.swift; sourceTree = "<group>"; };
		22CA2F862468BCB300C47E19 /* MarvelBattleAppTests.xctest */ = {isa = PBXFileReference; explicitFileType = wrapper.cfbundle; includeInIndex = 0; path = MarvelBattleAppTests.xctest; sourceTree = BUILT_PRODUCTS_DIR; };
		22CA2F882468BCB300C47E19 /* MarvelBattleAppTests.swift */ = {isa = PBXFileReference; lastKnownFileType = sourcecode.swift; path = MarvelBattleAppTests.swift; sourceTree = "<group>"; };
		22CA2F8A2468BCB300C47E19 /* Info.plist */ = {isa = PBXFileReference; lastKnownFileType = text.plist.xml; path = Info.plist; sourceTree = "<group>"; };
		22DC06202469B48F009104B2 /* FeatureProvaider.swift */ = {isa = PBXFileReference; fileEncoding = 4; lastKnownFileType = sourcecode.swift; path = FeatureProvaider.swift; sourceTree = "<group>"; };
		22DC06212469B48F009104B2 /* InteractorProvaider.swift */ = {isa = PBXFileReference; fileEncoding = 4; lastKnownFileType = sourcecode.swift; path = InteractorProvaider.swift; sourceTree = "<group>"; };
		22ED22252468629700210A5D /* MarvelBattleApp.app */ = {isa = PBXFileReference; explicitFileType = wrapper.application; includeInIndex = 0; path = MarvelBattleApp.app; sourceTree = BUILT_PRODUCTS_DIR; };
		22ED22282468629700210A5D /* AppDelegate.swift */ = {isa = PBXFileReference; lastKnownFileType = sourcecode.swift; path = AppDelegate.swift; sourceTree = "<group>"; };
		22ED222A2468629700210A5D /* SceneDelegate.swift */ = {isa = PBXFileReference; lastKnownFileType = sourcecode.swift; path = SceneDelegate.swift; sourceTree = "<group>"; };
		22ED222E2468629B00210A5D /* Assets.xcassets */ = {isa = PBXFileReference; lastKnownFileType = folder.assetcatalog; path = Assets.xcassets; sourceTree = "<group>"; };
		22ED22312468629B00210A5D /* Preview Assets.xcassets */ = {isa = PBXFileReference; lastKnownFileType = folder.assetcatalog; path = "Preview Assets.xcassets"; sourceTree = "<group>"; };
		22ED22342468629B00210A5D /* Base */ = {isa = PBXFileReference; lastKnownFileType = file.storyboard; name = Base; path = Base.lproj/LaunchScreen.storyboard; sourceTree = "<group>"; };
		22ED22362468629B00210A5D /* Info.plist */ = {isa = PBXFileReference; lastKnownFileType = text.plist.xml; path = Info.plist; sourceTree = "<group>"; };
		984A625BDE450B26E9FCAB80 /* Pods_MarvelBattleApp.framework */ = {isa = PBXFileReference; explicitFileType = wrapper.framework; includeInIndex = 0; path = Pods_MarvelBattleApp.framework; sourceTree = BUILT_PRODUCTS_DIR; };
/* End PBXFileReference section */

/* Begin PBXFrameworksBuildPhase section */
		22CA2F832468BCB300C47E19 /* Frameworks */ = {
			isa = PBXFrameworksBuildPhase;
			buildActionMask = 2147483647;
			files = (
			);
			runOnlyForDeploymentPostprocessing = 0;
		};
		22ED22222468629700210A5D /* Frameworks */ = {
			isa = PBXFrameworksBuildPhase;
			buildActionMask = 2147483647;
			files = (
			);
			runOnlyForDeploymentPostprocessing = 0;
		};
/* End PBXFrameworksBuildPhase section */

/* Begin PBXGroup section */
		2201F98824696264002A2B30 /* CharactersBattle */ = {
			isa = PBXGroup;
			children = (
				2201F98924696264002A2B30 /* SearchCharactersView.swift */,
				2201F98F24696264002A2B30 /* SearchCharactersViewModel.swift */,
				2201F99024696264002A2B30 /* CharacterResultRow.swift */,
				2201F99224696264002A2B30 /* CharacterResultViewModel.swift */,
				22B8AC9B246AD31C002DFEA3 /* CharacterDetailView.swift */,
				22B8AC9D246AEA5B002DFEA3 /* ArenaView.swift */,
				22B8AC9F246C05EE002DFEA3 /* ArenaViewModel.swift */,
				22B8ACB1246D73F8002DFEA3 /* RankingView.swift */,
				22B8ACB3246D75EB002DFEA3 /* RankingViewModel.swift */,
			);
			path = CharactersBattle;
			sourceTree = "<group>";
		};
		2265E5F124686CDF005AD752 /* Domain */ = {
			isa = PBXGroup;
			children = (
				2265E5F224686CDF005AD752 /* DomainObjects */,
				22B8ACAC246D59B4002DFEA3 /* Repository */,
				2265E5FA24686CDF005AD752 /* Interactor */,
			);
			path = Domain;
			sourceTree = "<group>";
		};
		2265E5F224686CDF005AD752 /* DomainObjects */ = {
			isa = PBXGroup;
			children = (
				2265E5F324686CDF005AD752 /* CharacterDO.swift */,
				2265E5F424686CDF005AD752 /* CharactersResponseDO.swift */,
			);
			path = DomainObjects;
			sourceTree = "<group>";
		};
		2265E5F524686CDF005AD752 /* PlayerRepository */ = {
			isa = PBXGroup;
			children = (
				22B8ACA8246D585D002DFEA3 /* PlayerRepositoryProtocol.swift */,
				22B8ACA1246D5209002DFEA3 /* PlayerRepositoryImplement.swift */,
			);
			path = PlayerRepository;
			sourceTree = "<group>";
		};
		2265E5F824686CDF005AD752 /* MarvelRepository */ = {
			isa = PBXGroup;
			children = (
				2265E5F924686CDF005AD752 /* ManagerMarvelRepository.swift */,
				2265E5F624686CDF005AD752 /* CharacterReporitoryProtocol.swift */,
				2265E5F724686CDF005AD752 /* CharacterReporitoryImplment.swift */,
			);
			path = MarvelRepository;
			sourceTree = "<group>";
		};
		2265E5FA24686CDF005AD752 /* Interactor */ = {
			isa = PBXGroup;
			children = (
				2265E5FC24686CDF005AD752 /* CharacterInteractorProtocol.swift */,
				2265E5FB24686CDF005AD752 /* CharacterInteractorImplement.swift */,
				22B8ACAA246D59A4002DFEA3 /* PlayerInteractorProtocol.swift */,
				22B8ACAD246D6BEE002DFEA3 /* PlayerInteractorImplement.swift */,
			);
			path = Interactor;
			sourceTree = "<group>";
		};
		22B8ACAC246D59B4002DFEA3 /* Repository */ = {
			isa = PBXGroup;
			children = (
				2265E5F524686CDF005AD752 /* PlayerRepository */,
				2265E5F824686CDF005AD752 /* MarvelRepository */,
			);
			path = Repository;
			sourceTree = "<group>";
		};
		22CA2F872468BCB300C47E19 /* MarvelBattleAppTests */ = {
			isa = PBXGroup;
			children = (
				22CA2F882468BCB300C47E19 /* MarvelBattleAppTests.swift */,
				22CA2F8A2468BCB300C47E19 /* Info.plist */,
			);
			path = MarvelBattleAppTests;
			sourceTree = "<group>";
		};
		22DC061F2469B48F009104B2 /* Provaider */ = {
			isa = PBXGroup;
			children = (
				22DC06202469B48F009104B2 /* FeatureProvaider.swift */,
				22DC06212469B48F009104B2 /* InteractorProvaider.swift */,
			);
			path = Provaider;
			sourceTree = "<group>";
		};
		22DC06242469B4B3009104B2 /* Presentation */ = {
			isa = PBXGroup;
			children = (
				2201F98824696264002A2B30 /* CharactersBattle */,
				22B8ACAF246D718D002DFEA3 /* GeneralRouting.swift */,
			);
			path = Presentation;
			sourceTree = "<group>";
		};
		22ED221C2468629700210A5D = {
			isa = PBXGroup;
			children = (
				22ED22272468629700210A5D /* MarvelBattleApp */,
				22CA2F872468BCB300C47E19 /* MarvelBattleAppTests */,
				22ED22262468629700210A5D /* Products */,
				3E5EBBCF60A44F8FD3BCF4D2 /* Frameworks */,
			);
			sourceTree = "<group>";
		};
		22ED22262468629700210A5D /* Products */ = {
			isa = PBXGroup;
			children = (
				22ED22252468629700210A5D /* MarvelBattleApp.app */,
				22CA2F862468BCB300C47E19 /* MarvelBattleAppTests.xctest */,
			);
			name = Products;
			sourceTree = "<group>";
		};
		22ED22272468629700210A5D /* MarvelBattleApp */ = {
			isa = PBXGroup;
			children = (
				22ED22282468629700210A5D /* AppDelegate.swift */,
				22ED222A2468629700210A5D /* SceneDelegate.swift */,
				22DC061F2469B48F009104B2 /* Provaider */,
				2265E5F124686CDF005AD752 /* Domain */,
				22DC06242469B4B3009104B2 /* Presentation */,
				22ED222E2468629B00210A5D /* Assets.xcassets */,
				22ED22332468629B00210A5D /* LaunchScreen.storyboard */,
				22ED22362468629B00210A5D /* Info.plist */,
				22ED22302468629B00210A5D /* Preview Content */,
			);
			path = MarvelBattleApp;
			sourceTree = "<group>";
		};
		22ED22302468629B00210A5D /* Preview Content */ = {
			isa = PBXGroup;
			children = (
				22ED22312468629B00210A5D /* Preview Assets.xcassets */,
			);
			path = "Preview Content";
			sourceTree = "<group>";
		};
		3E5EBBCF60A44F8FD3BCF4D2 /* Frameworks */ = {
			isa = PBXGroup;
			children = (
				984A625BDE450B26E9FCAB80 /* Pods_MarvelBattleApp.framework */,
			);
			name = Frameworks;
			sourceTree = "<group>";
		};
/* End PBXGroup section */

/* Begin PBXNativeTarget section */
		22CA2F852468BCB300C47E19 /* MarvelBattleAppTests */ = {
			isa = PBXNativeTarget;
			buildConfigurationList = 22CA2F8F2468BCB300C47E19 /* Build configuration list for PBXNativeTarget "MarvelBattleAppTests" */;
			buildPhases = (
				22CA2F822468BCB300C47E19 /* Sources */,
				22CA2F832468BCB300C47E19 /* Frameworks */,
				22CA2F842468BCB300C47E19 /* Resources */,
			);
			buildRules = (
			);
			dependencies = (
				22CA2F8C2468BCB300C47E19 /* PBXTargetDependency */,
			);
			name = MarvelBattleAppTests;
			productName = MarvelBattleAppTests;
			productReference = 22CA2F862468BCB300C47E19 /* MarvelBattleAppTests.xctest */;
			productType = "com.apple.product-type.bundle.unit-test";
		};
		22ED22242468629700210A5D /* MarvelBattleApp */ = {
			isa = PBXNativeTarget;
			buildConfigurationList = 22ED22392468629B00210A5D /* Build configuration list for PBXNativeTarget "MarvelBattleApp" */;
			buildPhases = (
				22ED22212468629700210A5D /* Sources */,
				22ED22222468629700210A5D /* Frameworks */,
				22ED22232468629700210A5D /* Resources */,
			);
			buildRules = (
			);
			dependencies = (
			);
			name = MarvelBattleApp;
			productName = MarvelBattleApp;
			productReference = 22ED22252468629700210A5D /* MarvelBattleApp.app */;
			productType = "com.apple.product-type.application";
		};
/* End PBXNativeTarget section */

/* Begin PBXProject section */
		22ED221D2468629700210A5D /* Project object */ = {
			isa = PBXProject;
			attributes = {
				LastSwiftUpdateCheck = 1140;
				LastUpgradeCheck = 1140;
				ORGANIZATIONNAME = "DAVID GONZALEZ";
				TargetAttributes = {
					22CA2F852468BCB300C47E19 = {
						CreatedOnToolsVersion = 11.4.1;
						TestTargetID = 22ED22242468629700210A5D;
					};
					22ED22242468629700210A5D = {
						CreatedOnToolsVersion = 11.4.1;
					};
				};
			};
			buildConfigurationList = 22ED22202468629700210A5D /* Build configuration list for PBXProject "MarvelBattleApp" */;
			compatibilityVersion = "Xcode 9.3";
			developmentRegion = en;
			hasScannedForEncodings = 0;
			knownRegions = (
				en,
				Base,
			);
			mainGroup = 22ED221C2468629700210A5D;
			productRefGroup = 22ED22262468629700210A5D /* Products */;
			projectDirPath = "";
			projectRoot = "";
			targets = (
				22ED22242468629700210A5D /* MarvelBattleApp */,
				22CA2F852468BCB300C47E19 /* MarvelBattleAppTests */,
			);
		};
/* End PBXProject section */

/* Begin PBXResourcesBuildPhase section */
		22CA2F842468BCB300C47E19 /* Resources */ = {
			isa = PBXResourcesBuildPhase;
			buildActionMask = 2147483647;
			files = (
			);
			runOnlyForDeploymentPostprocessing = 0;
		};
		22ED22232468629700210A5D /* Resources */ = {
			isa = PBXResourcesBuildPhase;
			buildActionMask = 2147483647;
			files = (
				22ED22352468629B00210A5D /* LaunchScreen.storyboard in Resources */,
				22ED22322468629B00210A5D /* Preview Assets.xcassets in Resources */,
				22ED222F2468629B00210A5D /* Assets.xcassets in Resources */,
			);
			runOnlyForDeploymentPostprocessing = 0;
		};
/* End PBXResourcesBuildPhase section */

/* Begin PBXSourcesBuildPhase section */
		22CA2F822468BCB300C47E19 /* Sources */ = {
			isa = PBXSourcesBuildPhase;
			buildActionMask = 2147483647;
			files = (
				22CA2F892468BCB300C47E19 /* MarvelBattleAppTests.swift in Sources */,
			);
			runOnlyForDeploymentPostprocessing = 0;
		};
		22ED22212468629700210A5D /* Sources */ = {
			isa = PBXSourcesBuildPhase;
			buildActionMask = 2147483647;
			files = (
				22B8ACAE246D6BEE002DFEA3 /* PlayerInteractorImplement.swift in Sources */,
				22B8AC9E246AEA5B002DFEA3 /* ArenaView.swift in Sources */,
				2265E5FD24686CDF005AD752 /* CharacterDO.swift in Sources */,
				22B8ACA9246D585D002DFEA3 /* PlayerRepositoryProtocol.swift in Sources */,
				22B8ACA0246C05EE002DFEA3 /* ArenaViewModel.swift in Sources */,
				22B8ACA2246D5209002DFEA3 /* PlayerRepositoryImplement.swift in Sources */,
				22ED22292468629700210A5D /* AppDelegate.swift in Sources */,
				2265E60324686CDF005AD752 /* CharacterInteractorProtocol.swift in Sources */,
				2265E60124686CDF005AD752 /* ManagerMarvelRepository.swift in Sources */,
				2265E5FF24686CDF005AD752 /* CharacterReporitoryProtocol.swift in Sources */,
				2265E60024686CDF005AD752 /* CharacterReporitoryImplment.swift in Sources */,
				2201F99C24696264002A2B30 /* CharacterResultViewModel.swift in Sources */,
				22B8ACB2246D73F8002DFEA3 /* RankingView.swift in Sources */,
				2265E5FE24686CDF005AD752 /* CharactersResponseDO.swift in Sources */,
				22B8ACB0246D718D002DFEA3 /* GeneralRouting.swift in Sources */,
				2265E60224686CDF005AD752 /* CharacterInteractorImplement.swift in Sources */,
				22ED222B2468629700210A5D /* SceneDelegate.swift in Sources */,
				2201F99924696264002A2B30 /* SearchCharactersViewModel.swift in Sources */,
				22DC06232469B48F009104B2 /* InteractorProvaider.swift in Sources */,
				22DC06222469B48F009104B2 /* FeatureProvaider.swift in Sources */,
				2201F99A24696264002A2B30 /* CharacterResultRow.swift in Sources */,
				22B8ACAB246D59A4002DFEA3 /* PlayerInteractorProtocol.swift in Sources */,
				2201F99324696264002A2B30 /* SearchCharactersView.swift in Sources */,
				22B8AC9C246AD31C002DFEA3 /* CharacterDetailView.swift in Sources */,
				22B8ACB4246D75EB002DFEA3 /* RankingViewModel.swift in Sources */,
			);
			runOnlyForDeploymentPostprocessing = 0;
		};
/* End PBXSourcesBuildPhase section */

/* Begin PBXTargetDependency section */
		22CA2F8C2468BCB300C47E19 /* PBXTargetDependency */ = {
			isa = PBXTargetDependency;
			target = 22ED22242468629700210A5D /* MarvelBattleApp */;
			targetProxy = 22CA2F8B2468BCB300C47E19 /* PBXContainerItemProxy */;
		};
/* End PBXTargetDependency section */

/* Begin PBXVariantGroup section */
		22ED22332468629B00210A5D /* LaunchScreen.storyboard */ = {
			isa = PBXVariantGroup;
			children = (
				22ED22342468629B00210A5D /* Base */,
			);
			name = LaunchScreen.storyboard;
			sourceTree = "<group>";
		};
/* End PBXVariantGroup section */

/* Begin XCBuildConfiguration section */
		22CA2F8D2468BCB300C47E19 /* Debug */ = {
			isa = XCBuildConfiguration;
			buildSettings = {
				BUNDLE_LOADER = "$(TEST_HOST)";
				CODE_SIGN_STYLE = Automatic;
				INFOPLIST_FILE = MarvelBattleAppTests/Info.plist;
				LD_RUNPATH_SEARCH_PATHS = (
					"$(inherited)",
					"@executable_path/Frameworks",
					"@loader_path/Frameworks",
				);
				PRODUCT_BUNDLE_IDENTIFIER = DavidGJ.MarvelBattleAppTests;
				PRODUCT_NAME = "$(TARGET_NAME)";
				SWIFT_VERSION = 5.0;
				TARGETED_DEVICE_FAMILY = "1,2";
				TEST_HOST = "$(BUILT_PRODUCTS_DIR)/MarvelBattleApp.app/MarvelBattleApp";
			};
			name = Debug;
		};
		22CA2F8E2468BCB300C47E19 /* Release */ = {
			isa = XCBuildConfiguration;
			buildSettings = {
				BUNDLE_LOADER = "$(TEST_HOST)";
				CODE_SIGN_STYLE = Automatic;
				INFOPLIST_FILE = MarvelBattleAppTests/Info.plist;
				LD_RUNPATH_SEARCH_PATHS = (
					"$(inherited)",
					"@executable_path/Frameworks",
					"@loader_path/Frameworks",
				);
				PRODUCT_BUNDLE_IDENTIFIER = DavidGJ.MarvelBattleAppTests;
				PRODUCT_NAME = "$(TARGET_NAME)";
				SWIFT_VERSION = 5.0;
				TARGETED_DEVICE_FAMILY = "1,2";
				TEST_HOST = "$(BUILT_PRODUCTS_DIR)/MarvelBattleApp.app/MarvelBattleApp";
			};
			name = Release;
		};
		22ED22372468629B00210A5D /* Debug */ = {
			isa = XCBuildConfiguration;
			buildSettings = {
				ALWAYS_SEARCH_USER_PATHS = NO;
				CLANG_ANALYZER_NONNULL = YES;
				CLANG_ANALYZER_NUMBER_OBJECT_CONVERSION = YES_AGGRESSIVE;
				CLANG_CXX_LANGUAGE_STANDARD = "gnu++14";
				CLANG_CXX_LIBRARY = "libc++";
				CLANG_ENABLE_MODULES = YES;
				CLANG_ENABLE_OBJC_ARC = YES;
				CLANG_ENABLE_OBJC_WEAK = YES;
				CLANG_WARN_BLOCK_CAPTURE_AUTORELEASING = YES;
				CLANG_WARN_BOOL_CONVERSION = YES;
				CLANG_WARN_COMMA = YES;
				CLANG_WARN_CONSTANT_CONVERSION = YES;
				CLANG_WARN_DEPRECATED_OBJC_IMPLEMENTATIONS = YES;
				CLANG_WARN_DIRECT_OBJC_ISA_USAGE = YES_ERROR;
				CLANG_WARN_DOCUMENTATION_COMMENTS = YES;
				CLANG_WARN_EMPTY_BODY = YES;
				CLANG_WARN_ENUM_CONVERSION = YES;
				CLANG_WARN_INFINITE_RECURSION = YES;
				CLANG_WARN_INT_CONVERSION = YES;
				CLANG_WARN_NON_LITERAL_NULL_CONVERSION = YES;
				CLANG_WARN_OBJC_IMPLICIT_RETAIN_SELF = YES;
				CLANG_WARN_OBJC_LITERAL_CONVERSION = YES;
				CLANG_WARN_OBJC_ROOT_CLASS = YES_ERROR;
				CLANG_WARN_RANGE_LOOP_ANALYSIS = YES;
				CLANG_WARN_STRICT_PROTOTYPES = YES;
				CLANG_WARN_SUSPICIOUS_MOVE = YES;
				CLANG_WARN_UNGUARDED_AVAILABILITY = YES_AGGRESSIVE;
				CLANG_WARN_UNREACHABLE_CODE = YES;
				CLANG_WARN__DUPLICATE_METHOD_MATCH = YES;
				COPY_PHASE_STRIP = NO;
				DEBUG_INFORMATION_FORMAT = dwarf;
				ENABLE_STRICT_OBJC_MSGSEND = YES;
				ENABLE_TESTABILITY = YES;
				GCC_C_LANGUAGE_STANDARD = gnu11;
				GCC_DYNAMIC_NO_PIC = NO;
				GCC_NO_COMMON_BLOCKS = YES;
				GCC_OPTIMIZATION_LEVEL = 0;
				GCC_PREPROCESSOR_DEFINITIONS = (
					"DEBUG=1",
					"$(inherited)",
				);
				GCC_WARN_64_TO_32_BIT_CONVERSION = YES;
				GCC_WARN_ABOUT_RETURN_TYPE = YES_ERROR;
				GCC_WARN_UNDECLARED_SELECTOR = YES;
				GCC_WARN_UNINITIALIZED_AUTOS = YES_AGGRESSIVE;
				GCC_WARN_UNUSED_FUNCTION = YES;
				GCC_WARN_UNUSED_VARIABLE = YES;
				IPHONEOS_DEPLOYMENT_TARGET = 13.4;
				MTL_ENABLE_DEBUG_INFO = INCLUDE_SOURCE;
				MTL_FAST_MATH = YES;
				ONLY_ACTIVE_ARCH = YES;
				SDKROOT = iphoneos;
				SWIFT_ACTIVE_COMPILATION_CONDITIONS = DEBUG;
				SWIFT_OPTIMIZATION_LEVEL = "-Onone";
			};
			name = Debug;
		};
		22ED22382468629B00210A5D /* Release */ = {
			isa = XCBuildConfiguration;
			buildSettings = {
				ALWAYS_SEARCH_USER_PATHS = NO;
				CLANG_ANALYZER_NONNULL = YES;
				CLANG_ANALYZER_NUMBER_OBJECT_CONVERSION = YES_AGGRESSIVE;
				CLANG_CXX_LANGUAGE_STANDARD = "gnu++14";
				CLANG_CXX_LIBRARY = "libc++";
				CLANG_ENABLE_MODULES = YES;
				CLANG_ENABLE_OBJC_ARC = YES;
				CLANG_ENABLE_OBJC_WEAK = YES;
				CLANG_WARN_BLOCK_CAPTURE_AUTORELEASING = YES;
				CLANG_WARN_BOOL_CONVERSION = YES;
				CLANG_WARN_COMMA = YES;
				CLANG_WARN_CONSTANT_CONVERSION = YES;
				CLANG_WARN_DEPRECATED_OBJC_IMPLEMENTATIONS = YES;
				CLANG_WARN_DIRECT_OBJC_ISA_USAGE = YES_ERROR;
				CLANG_WARN_DOCUMENTATION_COMMENTS = YES;
				CLANG_WARN_EMPTY_BODY = YES;
				CLANG_WARN_ENUM_CONVERSION = YES;
				CLANG_WARN_INFINITE_RECURSION = YES;
				CLANG_WARN_INT_CONVERSION = YES;
				CLANG_WARN_NON_LITERAL_NULL_CONVERSION = YES;
				CLANG_WARN_OBJC_IMPLICIT_RETAIN_SELF = YES;
				CLANG_WARN_OBJC_LITERAL_CONVERSION = YES;
				CLANG_WARN_OBJC_ROOT_CLASS = YES_ERROR;
				CLANG_WARN_RANGE_LOOP_ANALYSIS = YES;
				CLANG_WARN_STRICT_PROTOTYPES = YES;
				CLANG_WARN_SUSPICIOUS_MOVE = YES;
				CLANG_WARN_UNGUARDED_AVAILABILITY = YES_AGGRESSIVE;
				CLANG_WARN_UNREACHABLE_CODE = YES;
				CLANG_WARN__DUPLICATE_METHOD_MATCH = YES;
				COPY_PHASE_STRIP = NO;
				DEBUG_INFORMATION_FORMAT = "dwarf-with-dsym";
				ENABLE_NS_ASSERTIONS = NO;
				ENABLE_STRICT_OBJC_MSGSEND = YES;
				GCC_C_LANGUAGE_STANDARD = gnu11;
				GCC_NO_COMMON_BLOCKS = YES;
				GCC_WARN_64_TO_32_BIT_CONVERSION = YES;
				GCC_WARN_ABOUT_RETURN_TYPE = YES_ERROR;
				GCC_WARN_UNDECLARED_SELECTOR = YES;
				GCC_WARN_UNINITIALIZED_AUTOS = YES_AGGRESSIVE;
				GCC_WARN_UNUSED_FUNCTION = YES;
				GCC_WARN_UNUSED_VARIABLE = YES;
				IPHONEOS_DEPLOYMENT_TARGET = 13.4;
				MTL_ENABLE_DEBUG_INFO = NO;
				MTL_FAST_MATH = YES;
				SDKROOT = iphoneos;
				SWIFT_COMPILATION_MODE = wholemodule;
				SWIFT_OPTIMIZATION_LEVEL = "-O";
				VALIDATE_PRODUCT = YES;
			};
			name = Release;
		};
		22ED223A2468629B00210A5D /* Debug */ = {
			isa = XCBuildConfiguration;
			buildSettings = {
				ASSETCATALOG_COMPILER_APPICON_NAME = AppIcon;
				CODE_SIGN_STYLE = Automatic;
				DEVELOPMENT_ASSET_PATHS = "\"MarvelBattleApp/Preview Content\"";
				ENABLE_PREVIEWS = YES;
				INFOPLIST_FILE = MarvelBattleApp/Info.plist;
				LD_RUNPATH_SEARCH_PATHS = (
					"$(inherited)",
					"@executable_path/Frameworks",
				);
				PRODUCT_BUNDLE_IDENTIFIER = DavidGJ.MarvelBattleApp;
				PRODUCT_NAME = "$(TARGET_NAME)";
				SWIFT_VERSION = 5.0;
				TARGETED_DEVICE_FAMILY = "1,2";
			};
			name = Debug;
		};
		22ED223B2468629B00210A5D /* Release */ = {
			isa = XCBuildConfiguration;
			buildSettings = {
				ASSETCATALOG_COMPILER_APPICON_NAME = AppIcon;
				CODE_SIGN_STYLE = Automatic;
				DEVELOPMENT_ASSET_PATHS = "\"MarvelBattleApp/Preview Content\"";
				ENABLE_PREVIEWS = YES;
				INFOPLIST_FILE = MarvelBattleApp/Info.plist;
				LD_RUNPATH_SEARCH_PATHS = (
					"$(inherited)",
					"@executable_path/Frameworks",
				);
				PRODUCT_BUNDLE_IDENTIFIER = DavidGJ.MarvelBattleApp;
				PRODUCT_NAME = "$(TARGET_NAME)";
				SWIFT_VERSION = 5.0;
				TARGETED_DEVICE_FAMILY = "1,2";
			};
			name = Release;
		};
/* End XCBuildConfiguration section */

/* Begin XCConfigurationList section */
		22CA2F8F2468BCB300C47E19 /* Build configuration list for PBXNativeTarget "MarvelBattleAppTests" */ = {
			isa = XCConfigurationList;
			buildConfigurations = (
				22CA2F8D2468BCB300C47E19 /* Debug */,
				22CA2F8E2468BCB300C47E19 /* Release */,
			);
			defaultConfigurationIsVisible = 0;
			defaultConfigurationName = Release;
		};
		22ED22202468629700210A5D /* Build configuration list for PBXProject "MarvelBattleApp" */ = {
			isa = XCConfigurationList;
			buildConfigurations = (
				22ED22372468629B00210A5D /* Debug */,
				22ED22382468629B00210A5D /* Release */,
			);
			defaultConfigurationIsVisible = 0;
			defaultConfigurationName = Release;
		};
		22ED22392468629B00210A5D /* Build configuration list for PBXNativeTarget "MarvelBattleApp" */ = {
			isa = XCConfigurationList;
			buildConfigurations = (
				22ED223A2468629B00210A5D /* Debug */,
				22ED223B2468629B00210A5D /* Release */,
			);
			defaultConfigurationIsVisible = 0;
			defaultConfigurationName = Release;
		};
/* End XCConfigurationList section */
	};
	rootObject = 22ED221D2468629700210A5D /* Project object */;
}
